
Microsoft Visual Studio Solution File, Format Version 12.00
# Visual Studio 14
VisualStudioVersion = 14.0.25420.1
MinimumVisualStudioVersion = 10.0.40219.1
Project("{FAE04EC0-301F-11D3-BF4B-00C04F79EFBC}") = "Dex.Uwp", "Dex.Uwp\Dex.Uwp.csproj", "{31F5F6F5-C803-4A49-B7E0-2B6BF6F2A7F3}"
EndProject
Project("{FAE04EC0-301F-11D3-BF4B-00C04F79EFBC}") = "Dex.Core", "Dex.Core\Dex.Core.csproj", "{E77C2BDF-67FC-4292-AEBA-85C866639B09}"
EndProject
Project("{FAE04EC0-301F-11D3-BF4B-00C04F79EFBC}") = "Dex.Scaper", "Dex.Scaper\Dex.Scaper.csproj", "{D183F673-6DB0-4BEE-8B8F-0BB330C88D39}"
EndProject
Project("{FAE04EC0-301F-11D3-BF4B-00C04F79EFBC}") = "Dex.Core.Test", "Dex.Core.Test\Dex.Core.Test.csproj", "{D148BC79-42E1-4A1A-BBD3-93022B476693}"
EndProject
Global
	GlobalSection(SolutionConfigurationPlatforms) = preSolution
		Debug|Any CPU = Debug|Any CPU
		Debug|ARM = Debug|ARM
		Debug|x64 = Debug|x64
		Debug|x86 = Debug|x86
		Release|Any CPU = Release|Any CPU
		Release|ARM = Release|ARM
		Release|x64 = Release|x64
		Release|x86 = Release|x86
	EndGlobalSection
	GlobalSection(ProjectConfigurationPlatforms) = postSolution
		{31F5F6F5-C803-4A49-B7E0-2B6BF6F2A7F3}.Debug|Any CPU.ActiveCfg = Debug|x86
		{31F5F6F5-C803-4A49-B7E0-2B6BF6F2A7F3}.Debug|ARM.ActiveCfg = Debug|ARM
		{31F5F6F5-C803-4A49-B7E0-2B6BF6F2A7F3}.Debug|ARM.Build.0 = Debug|ARM
		{31F5F6F5-C803-4A49-B7E0-2B6BF6F2A7F3}.Debug|ARM.Deploy.0 = Debug|ARM
		{31F5F6F5-C803-4A49-B7E0-2B6BF6F2A7F3}.Debug|x64.ActiveCfg = Debug|x64
		{31F5F6F5-C803-4A49-B7E0-2B6BF6F2A7F3}.Debug|x64.Build.0 = Debug|x64
		{31F5F6F5-C803-4A49-B7E0-2B6BF6F2A7F3}.Debug|x64.Deploy.0 = Debug|x64
		{31F5F6F5-C803-4A49-B7E0-2B6BF6F2A7F3}.Debug|x86.ActiveCfg = Debug|x86
		{31F5F6F5-C803-4A49-B7E0-2B6BF6F2A7F3}.Debug|x86.Build.0 = Debug|x86
		{31F5F6F5-C803-4A49-B7E0-2B6BF6F2A7F3}.Debug|x86.Deploy.0 = Debug|x86
		{31F5F6F5-C803-4A49-B7E0-2B6BF6F2A7F3}.Release|Any CPU.ActiveCfg = Release|x86
		{31F5F6F5-C803-4A49-B7E0-2B6BF6F2A7F3}.Release|ARM.ActiveCfg = Release|ARM
		{31F5F6F5-C803-4A49-B7E0-2B6BF6F2A7F3}.Release|ARM.Build.0 = Release|ARM
		{31F5F6F5-C803-4A49-B7E0-2B6BF6F2A7F3}.Release|ARM.Deploy.0 = Release|ARM
		{31F5F6F5-C803-4A49-B7E0-2B6BF6F2A7F3}.Release|x64.ActiveCfg = Release|x64
		{31F5F6F5-C803-4A49-B7E0-2B6BF6F2A7F3}.Release|x64.Build.0 = Release|x64
		{31F5F6F5-C803-4A49-B7E0-2B6BF6F2A7F3}.Release|x64.Deploy.0 = Release|x64
		{31F5F6F5-C803-4A49-B7E0-2B6BF6F2A7F3}.Release|x86.ActiveCfg = Release|x86
		{31F5F6F5-C803-4A49-B7E0-2B6BF6F2A7F3}.Release|x86.Build.0 = Release|x86
		{31F5F6F5-C803-4A49-B7E0-2B6BF6F2A7F3}.Release|x86.Deploy.0 = Release|x86
		{E77C2BDF-67FC-4292-AEBA-85C866639B09}.Debug|Any CPU.ActiveCfg = Debug|Any CPU
		{E77C2BDF-67FC-4292-AEBA-85C866639B09}.Debug|Any CPU.Build.0 = Debug|Any CPU
		{E77C2BDF-67FC-4292-AEBA-85C866639B09}.Debug|ARM.ActiveCfg = Debug|Any CPU
		{E77C2BDF-67FC-4292-AEBA-85C866639B09}.Debug|ARM.Build.0 = Debug|Any CPU
		{E77C2BDF-67FC-4292-AEBA-85C866639B09}.Debug|x64.ActiveCfg = Debug|Any CPU
		{E77C2BDF-67FC-4292-AEBA-85C866639B09}.Debug|x64.Build.0 = Debug|Any CPU
		{E77C2BDF-67FC-4292-AEBA-85C866639B09}.Debug|x86.ActiveCfg = Debug|Any CPU
		{E77C2BDF-67FC-4292-AEBA-85C866639B09}.Debug|x86.Build.0 = Debug|Any CPU
		{E77C2BDF-67FC-4292-AEBA-85C866639B09}.Release|Any CPU.ActiveCfg = Release|Any CPU
		{E77C2BDF-67FC-4292-AEBA-85C866639B09}.Release|Any CPU.Build.0 = Release|Any CPU
		{E77C2BDF-67FC-4292-AEBA-85C866639B09}.Release|ARM.ActiveCfg = Release|Any CPU
		{E77C2BDF-67FC-4292-AEBA-85C866639B09}.Release|ARM.Build.0 = Release|Any CPU
		{E77C2BDF-67FC-4292-AEBA-85C866639B09}.Release|x64.ActiveCfg = Release|Any CPU
		{E77C2BDF-67FC-4292-AEBA-85C866639B09}.Release|x64.Build.0 = Release|Any CPU
		{E77C2BDF-67FC-4292-AEBA-85C866639B09}.Release|x86.ActiveCfg = Release|Any CPU
		{E77C2BDF-67FC-4292-AEBA-85C866639B09}.Release|x86.Build.0 = Release|Any CPU
		{D183F673-6DB0-4BEE-8B8F-0BB330C88D39}.Debug|Any CPU.ActiveCfg = Debug|Any CPU
		{D183F673-6DB0-4BEE-8B8F-0BB330C88D39}.Debug|Any CPU.Build.0 = Debug|Any CPU
		{D183F673-6DB0-4BEE-8B8F-0BB330C88D39}.Debug|ARM.ActiveCfg = Debug|Any CPU
		{D183F673-6DB0-4BEE-8B8F-0BB330C88D39}.Debug|ARM.Build.0 = Debug|Any CPU
		{D183F673-6DB0-4BEE-8B8F-0BB330C88D39}.Debug|x64.ActiveCfg = Debug|Any CPU
		{D183F673-6DB0-4BEE-8B8F-0BB330C88D39}.Debug|x64.Build.0 = Debug|Any CPU
		{D183F673-6DB0-4BEE-8B8F-0BB330C88D39}.Debug|x86.ActiveCfg = Debug|Any CPU
		{D183F673-6DB0-4BEE-8B8F-0BB330C88D39}.Debug|x86.Build.0 = Debug|Any CPU
		{D183F673-6DB0-4BEE-8B8F-0BB330C88D39}.Release|Any CPU.ActiveCfg = Release|Any CPU
		{D183F673-6DB0-4BEE-8B8F-0BB330C88D39}.Release|Any CPU.Build.0 = Release|Any CPU
		{D183F673-6DB0-4BEE-8B8F-0BB330C88D39}.Release|ARM.ActiveCfg = Release|Any CPU
		{D183F673-6DB0-4BEE-8B8F-0BB330C88D39}.Release|ARM.Build.0 = Release|Any CPU
		{D183F673-6DB0-4BEE-8B8F-0BB330C88D39}.Release|x64.ActiveCfg = Release|Any CPU
		{D183F673-6DB0-4BEE-8B8F-0BB330C88D39}.Release|x64.Build.0 = Release|Any CPU
		{D183F673-6DB0-4BEE-8B8F-0BB330C88D39}.Release|x86.ActiveCfg = Release|Any CPU
		{D183F673-6DB0-4BEE-8B8F-0BB330C88D39}.Release|x86.Build.0 = Release|Any CPU
		{D148BC79-42E1-4A1A-BBD3-93022B476693}.Debug|Any CPU.ActiveCfg = Debug|Any CPU
		{D148BC79-42E1-4A1A-BBD3-93022B476693}.Debug|Any CPU.Build.0 = Debug|Any CPU
		{D148BC79-42E1-4A1A-BBD3-93022B476693}.Debug|ARM.ActiveCfg = Debug|Any CPU
		{D148BC79-42E1-4A1A-BBD3-93022B476693}.Debug|ARM.Build.0 = Debug|Any CPU
		{D148BC79-42E1-4A1A-BBD3-93022B476693}.Debug|x64.ActiveCfg = Debug|Any CPU
		{D148BC79-42E1-4A1A-BBD3-93022B476693}.Debug|x64.Build.0 = Debug|Any CPU
		{D148BC79-42E1-4A1A-BBD3-93022B476693}.Debug|x86.ActiveCfg = Debug|Any CPU
		{D148BC79-42E1-4A1A-BBD3-93022B476693}.Debug|x86.Build.0 = Debug|Any CPU
		{D148BC79-42E1-4A1A-BBD3-93022B476693}.Release|Any CPU.ActiveCfg = Release|Any CPU
		{D148BC79-42E1-4A1A-BBD3-93022B476693}.Release|Any CPU.Build.0 = Release|Any CPU
		{D148BC79-42E1-4A1A-BBD3-93022B476693}.Release|ARM.ActiveCfg = Release|Any CPU
		{D148BC79-42E1-4A1A-BBD3-93022B476693}.Release|ARM.Build.0 = Release|Any CPU
		{D148BC79-42E1-4A1A-BBD3-93022B476693}.Release|x64.ActiveCfg = Release|Any CPU
		{D148BC79-42E1-4A1A-BBD3-93022B476693}.Release|x64.Build.0 = Release|Any CPU
		{D148BC79-42E1-4A1A-BBD3-93022B476693}.Release|x86.ActiveCfg = Release|Any CPU
		{D148BC79-42E1-4A1A-BBD3-93022B476693}.Release|x86.Build.0 = Release|Any CPU
	EndGlobalSection
	GlobalSection(SolutionProperties) = preSolution
		HideSolutionNode = FALSE
	EndGlobalSection
EndGlobal
